
Microsoft Visual Studio Solution File, Format Version 12.00
# Visual Studio Version 16
VisualStudioVersion = 16.0.29318.209
MinimumVisualStudioVersion = 10.0.40219.1
Project("{FAE04EC0-301F-11D3-BF4B-00C04F79EFBC}") = "Project2_PuzzleGame", "Project2_PuzzleGame\Project2_PuzzleGame.csproj", "{46104924-C49B-4643-9CEB-7406F8BEF4F9}"
EndProject
Global
	GlobalSection(SolutionConfigurationPlatforms) = preSolution
		Debug|Any CPU = Debug|Any CPU
		Release|Any CPU = Release|Any CPU
	EndGlobalSection
	GlobalSection(ProjectConfigurationPlatforms) = postSolution
		{46104924-C49B-4643-9CEB-7406F8BEF4F9}.Debug|Any CPU.ActiveCfg = Debug|Any CPU
		{46104924-C49B-4643-9CEB-7406F8BEF4F9}.Debug|Any CPU.Build.0 = Debug|Any CPU
		{46104924-C49B-4643-9CEB-7406F8BEF4F9}.Release|Any CPU.ActiveCfg = Release|Any CPU
		{46104924-C49B-4643-9CEB-7406F8BEF4F9}.Release|Any CPU.Build.0 = Release|Any CPU
	EndGlobalSection
	GlobalSection(SolutionProperties) = preSolution
		HideSolutionNode = FALSE
	EndGlobalSection
	GlobalSection(ExtensibilityGlobals) = postSolution
		SolutionGuid = {27382C5F-C253-4884-AD64-2D741A6FB832}
	EndGlobalSection
EndGlobal
